// !$*UTF8*$!
{
	archiveVersion = 1;
	classes = {
	};
	objectVersion = 46;
	objects = {

/* Begin PBXBuildFile section */
		0652EC511C3281CF00446AA7 /* main.m in Sources */ = {isa = PBXBuildFile; fileRef = 0652EC501C3281CF00446AA7 /* main.m */; };
		0652EC541C3281CF00446AA7 /* AppDelegate.m in Sources */ = {isa = PBXBuildFile; fileRef = 0652EC531C3281CF00446AA7 /* AppDelegate.m */; };
		0652EC571C3281CF00446AA7 /* ViewController.m in Sources */ = {isa = PBXBuildFile; fileRef = 0652EC561C3281CF00446AA7 /* ViewController.m */; };
		0652EC5A1C3281CF00446AA7 /* Main.storyboard in Resources */ = {isa = PBXBuildFile; fileRef = 0652EC581C3281CF00446AA7 /* Main.storyboard */; };
		0652EC5C1C3281CF00446AA7 /* Assets.xcassets in Resources */ = {isa = PBXBuildFile; fileRef = 0652EC5B1C3281CF00446AA7 /* Assets.xcassets */; };
		0652EC5F1C3281CF00446AA7 /* LaunchScreen.storyboard in Resources */ = {isa = PBXBuildFile; fileRef = 0652EC5D1C3281CF00446AA7 /* LaunchScreen.storyboard */; };
		0652EC681C3281F200446AA7 /* CTDisplayView.m in Sources */ = {isa = PBXBuildFile; fileRef = 0652EC671C3281F200446AA7 /* CTDisplayView.m */; };
/* End PBXBuildFile section */

/* Begin PBXFileReference section */
		0652EC4C1C3281CF00446AA7 /* CoreTextDemo.app */ = {isa = PBXFileReference; explicitFileType = wrapper.application; includeInIndex = 0; path = CoreTextDemo.app; sourceTree = BUILT_PRODUCTS_DIR; };
		0652EC501C3281CF00446AA7 /* main.m */ = {isa = PBXFileReference; lastKnownFileType = sourcecode.c.objc; path = main.m; sourceTree = "<group>"; };
		0652EC521C3281CF00446AA7 /* AppDelegate.h */ = {isa = PBXFileReference; lastKnownFileType = sourcecode.c.h; path = AppDelegate.h; sourceTree = "<group>"; };
		0652EC531C3281CF00446AA7 /* AppDelegate.m */ = {isa = PBXFileReference; lastKnownFileType = sourcecode.c.objc; path = AppDelegate.m; sourceTree = "<group>"; };
		0652EC551C3281CF00446AA7 /* ViewController.h */ = {isa = PBXFileReference; lastKnownFileType = sourcecode.c.h; path = ViewController.h; sourceTree = "<group>"; };
		0652EC561C3281CF00446AA7 /* ViewController.m */ = {isa = PBXFileReference; lastKnownFileType = sourcecode.c.objc; path = ViewController.m; sourceTree = "<group>"; };
		0652EC591C3281CF00446AA7 /* Base */ = {isa = PBXFileReference; lastKnownFileType = file.storyboard; name = Base; path = Base.lproj/Main.storyboard; sourceTree = "<group>"; };
		0652EC5B1C3281CF00446AA7 /* Assets.xcassets */ = {isa = PBXFileReference; lastKnownFileType = folder.assetcatalog; path = Assets.xcassets; sourceTree = "<group>"; };
		0652EC5E1C3281CF00446AA7 /* Base */ = {isa = PBXFileReference; lastKnownFileType = file.storyboard; name = Base; path = Base.lproj/LaunchScreen.storyboard; sourceTree = "<group>"; };
		0652EC601C3281CF00446AA7 /* Info.plist */ = {isa = PBXFileReference; lastKnownFileType = text.plist.xml; path = Info.plist; sourceTree = "<group>"; };
		0652EC661C3281F200446AA7 /* CTDisplayView.h */ = {isa = PBXFileReference; fileEncoding = 4; lastKnownFileType = sourcecode.c.h; path = CTDisplayView.h; sourceTree = "<group>"; };
		0652EC671C3281F200446AA7 /* CTDisplayView.m */ = {isa = PBXFileReference; fileEncoding = 4; lastKnownFileType = sourcecode.c.objc; path = CTDisplayView.m; sourceTree = "<group>"; };
/* End PBXFileReference section */

/* Begin PBXFrameworksBuildPhase section */
		0652EC491C3281CF00446AA7 /* Frameworks */ = {
			isa = PBXFrameworksBuildPhase;
			buildActionMask = 2147483647;
			files = (
			);
			runOnlyForDeploymentPostprocessing = 0;
		};
/* End PBXFrameworksBuildPhase section */

/* Begin PBXGroup section */
		0652EC431C3281CF00446AA7 = {
			isa = PBXGroup;
			children = (
				0652EC4E1C3281CF00446AA7 /* CoreTextDemo */,
				0652EC4D1C3281CF00446AA7 /* Products */,
			);
			sourceTree = "<group>";
		};
		0652EC4D1C3281CF00446AA7 /* Products */ = {
			isa = PBXGroup;
			children = (
				0652EC4C1C3281CF00446AA7 /* CoreTextDemo.app */,
			);
			name = Products;
			sourceTree = "<group>";
		};
		0652EC4E1C3281CF00446AA7 /* CoreTextDemo */ = {
			isa = PBXGroup;
			children = (
				0652EC521C3281CF00446AA7 /* AppDelegate.h */,
				0652EC531C3281CF00446AA7 /* AppDelegate.m */,
				0652EC551C3281CF00446AA7 /* ViewController.h */,
				0652EC561C3281CF00446AA7 /* ViewController.m */,
				0652EC581C3281CF00446AA7 /* Main.storyboard */,
				0652EC5B1C3281CF00446AA7 /* Assets.xcassets */,
				0652EC5D1C3281CF00446AA7 /* LaunchScreen.storyboard */,
				0652EC601C3281CF00446AA7 /* Info.plist */,
				0652EC4F1C3281CF00446AA7 /* Supporting Files */,
				0652EC661C3281F200446AA7 /* CTDisplayView.h */,
				0652EC671C3281F200446AA7 /* CTDisplayView.m */,
			);
			path = CoreTextDemo;
			sourceTree = "<group>";
		};
		0652EC4F1C3281CF00446AA7 /* Supporting Files */ = {
			isa = PBXGroup;
			children = (
				0652EC501C3281CF00446AA7 /* main.m */,
			);
			name = "Supporting Files";
			sourceTree = "<group>";
		};
/* End PBXGroup section */

/* Begin PBXNativeTarget section */
		0652EC4B1C3281CF00446AA7 /* CoreTextDemo */ = {
			isa = PBXNativeTarget;
			buildConfigurationList = 0652EC631C3281CF00446AA7 /* Build configuration list for PBXNativeTarget "CoreTextDemo" */;
			buildPhases = (
				0652EC481C3281CF00446AA7 /* Sources */,
				0652EC491C3281CF00446AA7 /* Frameworks */,
				0652EC4A1C3281CF00446AA7 /* Resources */,
			);
			buildRules = (
			);
			dependencies = (
			);
			name = CoreTextDemo;
			productName = CoreTextDemo;
			productReference = 0652EC4C1C3281CF00446AA7 /* CoreTextDemo.app */;
			productType = "com.apple.product-type.application";
		};
/* End PBXNativeTarget section */

/* Begin PBXProject section */
		0652EC441C3281CF00446AA7 /* Project object */ = {
			isa = PBXProject;
			attributes = {
				LastUpgradeCheck = 0710;
				ORGANIZATIONNAME = "姚振兴";
				TargetAttributes = {
					0652EC4B1C3281CF00446AA7 = {
						CreatedOnToolsVersion = 7.1;
					};
				};
			};
			buildConfigurationList = 0652EC471C3281CF00446AA7 /* Build configuration list for PBXProject "CoreTextDemo" */;
			compatibilityVersion = "Xcode 3.2";
			developmentRegion = English;
			hasScannedForEncodings = 0;
			knownRegions = (
				en,
				Base,
			);
			mainGroup = 0652EC431C3281CF00446AA7;
			productRefGroup = 0652EC4D1C3281CF00446AA7 /* Products */;
			projectDirPath = "";
			projectRoot = "";
			targets = (
				0652EC4B1C3281CF00446AA7 /* CoreTextDemo */,
			);
		};
/* End PBXProject section */

/* Begin PBXResourcesBuildPhase section */
		0652EC4A1C3281CF00446AA7 /* Resources */ = {
			isa = PBXResourcesBuildPhase;
			buildActionMask = 2147483647;
			files = (
				0652EC5F1C3281CF00446AA7 /* LaunchScreen.storyboard in Resources */,
				0652EC5C1C3281CF00446AA7 /* Assets.xcassets in Resources */,
				0652EC5A1C3281CF00446AA7 /* Main.storyboard in Resources */,
			);
			runOnlyForDeploymentPostprocessing = 0;
		};
/* End PBXResourcesBuildPhase section */

/* Begin PBXSourcesBuildPhase section */
		0652EC481C3281CF00446AA7 /* Sources */ = {
			isa = PBXSourcesBuildPhase;
			buildActionMask = 2147483647;
			files = (
				0652EC571C3281CF00446AA7 /* ViewController.m in Sources */,
				0652EC541C3281CF00446AA7 /* AppDelegate.m in Sources */,
				0652EC681C3281F200446AA7 /* CTDisplayView.m in Sources */,
				0652EC511C3281CF00446AA7 /* main.m in Sources */,
			);
			runOnlyForDeploymentPostprocessing = 0;
		};
/* End PBXSourcesBuildPhase section */

/* Begin PBXVariantGroup section */
		0652EC581C3281CF00446AA7 /* Main.storyboard */ = {
			isa = PBXVariantGroup;
			children = (
				0652EC591C3281CF00446AA7 /* Base */,
			);
			name = Main.storyboard;
			sourceTree = "<group>";
		};
		0652EC5D1C3281CF00446AA7 /* LaunchScreen.storyboard */ = {
			isa = PBXVariantGroup;
			children = (
				0652EC5E1C3281CF00446AA7 /* Base */,
			);
			name = LaunchScreen.storyboard;
			sourceTree = "<group>";
		};
/* End PBXVariantGroup section */

/* Begin XCBuildConfiguration section */
		0652EC611C3281CF00446AA7 /* Debug */ = {
			isa = XCBuildConfiguration;
			buildSettings = {
				ALWAYS_SEARCH_USER_PATHS = NO;
				CLANG_CXX_LANGUAGE_STANDARD = "gnu++0x";
				CLANG_CXX_LIBRARY = "libc++";
				CLANG_ENABLE_MODULES = YES;
				CLANG_ENABLE_OBJC_ARC = YES;
				CLANG_WARN_BOOL_CONVERSION = YES;
				CLANG_WARN_CONSTANT_CONVERSION = YES;
				CLANG_WARN_DIRECT_OBJC_ISA_USAGE = YES_ERROR;
				CLANG_WARN_EMPTY_BODY = YES;
				CLANG_WARN_ENUM_CONVERSION = YES;
				CLANG_WARN_INT_CONVERSION = YES;
				CLANG_WARN_OBJC_ROOT_CLASS = YES_ERROR;
				CLANG_WARN_UNREACHABLE_CODE = YES;
				CLANG_WARN__DUPLICATE_METHOD_MATCH = YES;
				"CODE_SIGN_IDENTITY[sdk=iphoneos*]" = "iPhone Developer";
				COPY_PHASE_STRIP = NO;
				DEBUG_INFORMATION_FORMAT = dwarf;
				ENABLE_STRICT_OBJC_MSGSEND = YES;
				ENABLE_TESTABILITY = YES;
				GCC_C_LANGUAGE_STANDARD = gnu99;
				GCC_DYNAMIC_NO_PIC = NO;
				GCC_NO_COMMON_BLOCKS = YES;
				GCC_OPTIMIZATION_LEVEL = 0;
				GCC_PREPROCESSOR_DEFINITIONS = (
					"DEBUG=1",
					"$(inherited)",
				);
				GCC_WARN_64_TO_32_BIT_CONVERSION = YES;
				GCC_WARN_ABOUT_RETURN_TYPE = YES_ERROR;
				GCC_WARN_UNDECLARED_SELECTOR = YES;
				GCC_WARN_UNINITIALIZED_AUTOS = YES_AGGRESSIVE;
				GCC_WARN_UNUSED_FUNCTION = YES;
				GCC_WARN_UNUSED_VARIABLE = YES;
				IPHONEOS_DEPLOYMENT_TARGET = 9.1;
				MTL_ENABLE_DEBUG_INFO = YES;
				ONLY_ACTIVE_ARCH = YES;
				SDKROOT = iphoneos;
				TARGETED_DEVICE_FAMILY = "1,2";
			};
			name = Debug;
		};
		0652EC621C3281CF00446AA7 /* Release */ = {
			isa = XCBuildConfiguration;
			buildSettings = {
				ALWAYS_SEARCH_USER_PATHS = NO;
				CLANG_CXX_LANGUAGE_STANDARD = "gnu++0x";
				CLANG_CXX_LIBRARY = "libc++";
				CLANG_ENABLE_MODULES = YES;
				CLANG_ENABLE_OBJC_ARC = YES;
				CLANG_WARN_BOOL_CONVERSION = YES;
				CLANG_WARN_CONSTANT_CONVERSION = YES;
				CLANG_WARN_DIRECT_OBJC_ISA_USAGE = YES_ERROR;
				CLANG_WARN_EMPTY_BODY = YES;
				CLANG_WARN_ENUM_CONVERSION = YES;
				CLANG_WARN_INT_CONVERSION = YES;
				CLANG_WARN_OBJC_ROOT_CLASS = YES_ERROR;
				CLANG_WARN_UNREACHABLE_CODE = YES;
				CLANG_WARN__DUPLICATE_METHOD_MATCH = YES;
				"CODE_SIGN_IDENTITY[sdk=iphoneos*]" = "iPhone Developer";
				COPY_PHASE_STRIP = NO;
				DEBUG_INFORMATION_FORMAT = "dwarf-with-dsym";
				ENABLE_NS_ASSERTIONS = NO;
				ENABLE_STRICT_OBJC_MSGSEND = YES;
				GCC_C_LANGUAGE_STANDARD = gnu99;
				GCC_NO_COMMON_BLOCKS = YES;
				GCC_WARN_64_TO_32_BIT_CONVERSION = YES;
				GCC_WARN_ABOUT_RETURN_TYPE = YES_ERROR;
				GCC_WARN_UNDECLARED_SELECTOR = YES;
				GCC_WARN_UNINITIALIZED_AUTOS = YES_AGGRESSIVE;
				GCC_WARN_UNUSED_FUNCTION = YES;
				GCC_WARN_UNUSED_VARIABLE = YES;
				IPHONEOS_DEPLOYMENT_TARGET = 9.1;
				MTL_ENABLE_DEBUG_INFO = NO;
				SDKROOT = iphoneos;
				TARGETED_DEVICE_FAMILY = "1,2";
				VALIDATE_PRODUCT = YES;
			};
			name = Release;
		};
		0652EC641C3281CF00446AA7 /* Debug */ = {
			isa = XCBuildConfiguration;
			buildSettings = {
				ASSETCATALOG_COMPILER_APPICON_NAME = AppIcon;
				INFOPLIST_FILE = CoreTextDemo/Info.plist;
				LD_RUNPATH_SEARCH_PATHS = "$(inherited) @executable_path/Frameworks";
				PRODUCT_BUNDLE_IDENTIFIER = "---.CoreTextDemo";
				PRODUCT_NAME = "$(TARGET_NAME)";
			};
			name = Debug;
		};
		0652EC651C3281CF00446AA7 /* Release */ = {
			isa = XCBuildConfiguration;
			buildSettings = {
				ASSETCATALOG_COMPILER_APPICON_NAME = AppIcon;
				INFOPLIST_FILE = CoreTextDemo/Info.plist;
				LD_RUNPATH_SEARCH_PATHS = "$(inherited) @executable_path/Frameworks";
				PRODUCT_BUNDLE_IDENTIFIER = "---.CoreTextDemo";
				PRODUCT_NAME = "$(TARGET_NAME)";
			};
			name = Release;
		};
/* End XCBuildConfiguration section */

/* Begin XCConfigurationList section */
		0652EC471C3281CF00446AA7 /* Build configuration list for PBXProject "CoreTextDemo" */ = {
			isa = XCConfigurationList;
			buildConfigurations = (
				0652EC611C3281CF00446AA7 /* Debug */,
				0652EC621C3281CF00446AA7 /* Release */,
			);
			defaultConfigurationIsVisible = 0;
			defaultConfigurationName = Release;
		};
		0652EC631C3281CF00446AA7 /* Build configuration list for PBXNativeTarget "CoreTextDemo" */ = {
			isa = XCConfigurationList;
			buildConfigurations = (
				0652EC641C3281CF00446AA7 /* Debug */,
				0652EC651C3281CF00446AA7 /* Release */,
			);
			defaultConfigurationIsVisible = 0;
		};
/* End XCConfigurationList section */
	};
	rootObject = 0652EC441C3281CF00446AA7 /* Project object */;
}
